
Microsoft Visual Studio Solution File, Format Version 12.00
# Visual Studio Version 16
VisualStudioVersion = 16.0.30621.155
MinimumVisualStudioVersion = 10.0.40219.1
Project("{FAE04EC0-301F-11D3-BF4B-00C04F79EFBC}") = "WS_Mensajeria", "WS_Mensajeria\WS_Mensajeria.csproj", "{6BEE4446-2D13-4B84-98F1-2D470CADC2C0}"
EndProject
Global
	GlobalSection(SolutionConfigurationPlatforms) = preSolution
		Debug|Any CPU = Debug|Any CPU
		Release|Any CPU = Release|Any CPU
	EndGlobalSection
	GlobalSection(ProjectConfigurationPlatforms) = postSolution
		{6BEE4446-2D13-4B84-98F1-2D470CADC2C0}.Debug|Any CPU.ActiveCfg = Debug|Any CPU
		{6BEE4446-2D13-4B84-98F1-2D470CADC2C0}.Debug|Any CPU.Build.0 = Debug|Any CPU
		{6BEE4446-2D13-4B84-98F1-2D470CADC2C0}.Release|Any CPU.ActiveCfg = Release|Any CPU
		{6BEE4446-2D13-4B84-98F1-2D470CADC2C0}.Release|Any CPU.Build.0 = Release|Any CPU
	EndGlobalSection
	GlobalSection(SolutionProperties) = preSolution
		HideSolutionNode = FALSE
	EndGlobalSection
	GlobalSection(ExtensibilityGlobals) = postSolution
		SolutionGuid = {2972240D-A1DB-4456-A5F3-BECBF61590E2}
	EndGlobalSection
EndGlobal
